<?xml version="1.0" encoding="utf-8"?>
<Project ToolsVersion="4.0" xmlns="http://schemas.microsoft.com/developer/msbuild/2003">
  <ItemGroup>
    <ClCompile Include="ClassList\3D\Camera\C_Camera.cpp">
      <Filter>ClassList\3D\Camera</Filter>
    </ClCompile>
    <ClCompile Include="ClassList\3D\Shader\Shader.cpp">
      <Filter>ClassList\3D\Shader</Filter>
    </ClCompile>
    <ClCompile Include="ClassList\CharaClass\EnemyClass\EnemyBase\EnemyBase.cpp">
      <Filter>ClassList\CharaClass\EnemyClass\EnemyBase</Filter>
    </ClCompile>
    <ClCompile Include="ClassList\CharaClass\EnemyClass\EnemyFactory\EnemyFactory.cpp">
      <Filter>ClassList\CharaClass\EnemyClass\EnemyFactory</Filter>
    </ClCompile>
    <ClCompile Include="ClassList\CharaClass\EnemyClass\EnemyManager\EnemyManager.cpp">
      <Filter>ClassList\CharaClass\EnemyClass\EnemyManager</Filter>
    </ClCompile>
    <ClCompile Include="ClassList\CharaClass\EnemyClass\Individual\Arrow\Arrow.cpp">
      <Filter>ClassList\CharaClass\EnemyClass\Individual\Arrow</Filter>
    </ClCompile>
    <ClCompile Include="ClassList\CharaClass\EnemyClass\Individual\RandSwordMan\RandSwordMan.cpp">
      <Filter>ClassList\CharaClass\EnemyClass\Individual\RandSwordMan</Filter>
    </ClCompile>
    <ClCompile Include="ClassList\CharaClass\EnemyClass\Individual\Shielder\Shielder.cpp">
      <Filter>ClassList\CharaClass\EnemyClass\Individual\Shielder</Filter>
    </ClCompile>
    <ClCompile Include="ClassList\CharaClass\EnemyClass\Individual\SwordMan\SwordMan.cpp">
      <Filter>ClassList\CharaClass\EnemyClass\Individual\SwordMan</Filter>
    </ClCompile>
    <ClCompile Include="ClassList\CharaClass\PlayerClass\Player.cpp">
      <Filter>ClassList\CharaClass\PlayerClass</Filter>
    </ClCompile>
    <ClCompile Include="ClassList\CharaClass\PlayerClass\PlayerBase\PlayerBase.cpp">
      <Filter>ClassList\CharaClass\PlayerClass\PlayerBase</Filter>
    </ClCompile>
    <ClCompile Include="ClassList\DialogueManager\DialogueManager.cpp">
      <Filter>ClassList\DialogueManager</Filter>
    </ClCompile>
    <ClCompile Include="ClassList\Observer\Observer.cpp">
      <Filter>ClassList\Observer</Filter>
    </ClCompile>
    <ClCompile Include="ClassList\ResourceManager\ResourceManager.cpp">
      <Filter>ClassList\ResourceManager</Filter>
    </ClCompile>
    <ClCompile Include="ClassList\StageClass\GameSceneManager\GameSceneManager.cpp">
      <Filter>ClassList\StageClass\GameSceneManager</Filter>
    </ClCompile>
    <ClCompile Include="ClassList\StageClass\Ground\Ground.cpp">
      <Filter>ClassList\StageClass\Ground</Filter>
    </ClCompile>
    <ClCompile Include="ClassList\StageClass\WaveProcess\WaveProcess.cpp">
      <Filter>ClassList\StageClass\WaveProcess</Filter>
    </ClCompile>
    <ClCompile Include="ClassList\StatusManager\StatusManager.cpp">
      <Filter>ClassList\StatusManager</Filter>
    </ClCompile>
    <ClCompile Include="ClassList\StatusManager\Score\Score.cpp">
      <Filter>ClassList\StatusManager\Score</Filter>
    </ClCompile>
    <ClCompile Include="ClassList\UI\Coin\Coin.cpp">
      <Filter>ClassList\UI\Coin</Filter>
    </ClCompile>
    <ClCompile Include="ClassList\UI\Coin\CoinManager.cpp">
      <Filter>ClassList\UI\Coin</Filter>
    </ClCompile>
    <ClCompile Include="ClassList\UI\UIManager\UIManager.cpp">
      <Filter>ClassList\UI\UIManager</Filter>
    </ClCompile>
    <ClCompile Include="MainScene.cpp">
      <Filter>Scene</Filter>
    </ClCompile>
    <ClCompile Include="ResultScene.cpp">
      <Filter>Scene</Filter>
    </ClCompile>
    <ClCompile Include="TitleScene.cpp">
      <Filter>Scene</Filter>
    </ClCompile>
    <ClCompile Include="Base\GameBase.cpp">
      <Filter>Base</Filter>
    </ClCompile>
    <ClCompile Include="Base\Main.cpp">
      <Filter>Base</Filter>
    </ClCompile>
    <ClCompile Include="Base\pch.cpp">
      <Filter>Base</Filter>
    </ClCompile>
    <ClCompile Include="ClassList\UI\RankJudgeManager\RankJudgeManager.cpp">
      <Filter>ClassList\UI\RankJudgeManager</Filter>
    </ClCompile>
    <ClCompile Include="ClassList\StatusManager\Combo\Combo.cpp">
      <Filter>ClassList\StatusManager\Combo</Filter>
    </ClCompile>
    <ClCompile Include="ClassList\UI\Audience\Audience.cpp">
      <Filter>ClassList\UI\Audience</Filter>
    </ClCompile>
    <ClCompile Include="ClassList\CharaClass\PlayerClass\PlayerAttack\PlayerAttack.cpp" />
    <ClCompile Include="..\..\..\hoge\DirectX12 Game Solution\DirectX12 MainProject\Base\DX12Effekseer.cpp">
      <Filter>ClassList\Effekseer</Filter>
    </ClCompile>
    <ClCompile Include="..\..\..\hoge\DirectX12 Game Solution\DirectX12 MainProject\Base\DX12Effekseer2D.cpp">
      <Filter>ClassList\Effekseer</Filter>
    </ClCompile>
  </ItemGroup>
  <ItemGroup>
    <ClInclude Include="ClassList\3D\Camera\C_Camera.h">
      <Filter>ClassList\3D\Camera</Filter>
    </ClInclude>
    <ClInclude Include="ClassList\3D\Shader\Shader.h">
      <Filter>ClassList\3D\Shader</Filter>
    </ClInclude>
    <ClInclude Include="ClassList\CharaClass\EnemyClass\EnemyBase\EnemyBase.h">
      <Filter>ClassList\CharaClass\EnemyClass\EnemyBase</Filter>
    </ClInclude>
    <ClInclude Include="ClassList\CharaClass\EnemyClass\EnemyFactory\EnemyFactory.h">
      <Filter>ClassList\CharaClass\EnemyClass\EnemyFactory</Filter>
    </ClInclude>
    <ClInclude Include="ClassList\CharaClass\EnemyClass\EnemyManager\EnemyManager.h">
      <Filter>ClassList\CharaClass\EnemyClass\EnemyManager</Filter>
    </ClInclude>
    <ClInclude Include="ClassList\CharaClass\EnemyClass\Individual\Arrow\Arrow.h">
      <Filter>ClassList\CharaClass\EnemyClass\Individual\Arrow</Filter>
    </ClInclude>
    <ClInclude Include="ClassList\CharaClass\EnemyClass\Individual\RandSwordMan\RandSwordMan.h">
      <Filter>ClassList\CharaClass\EnemyClass\Individual\RandSwordMan</Filter>
    </ClInclude>
    <ClInclude Include="ClassList\CharaClass\EnemyClass\Individual\Shielder\Shielder.h">
      <Filter>ClassList\CharaClass\EnemyClass\Individual\Shielder</Filter>
    </ClInclude>
    <ClInclude Include="ClassList\CharaClass\EnemyClass\Individual\SwordMan\SwordMan.h">
      <Filter>ClassList\CharaClass\EnemyClass\Individual\SwordMan</Filter>
    </ClInclude>
    <ClInclude Include="ClassList\CharaClass\PlayerClass\Player.h">
      <Filter>ClassList\CharaClass\PlayerClass</Filter>
    </ClInclude>
    <ClInclude Include="ClassList\CharaClass\PlayerClass\PlayerBase\PlayerBase.h">
      <Filter>ClassList\CharaClass\PlayerClass\PlayerBase</Filter>
    </ClInclude>
    <ClInclude Include="ClassList\DialogueManager\DialogueManager.h">
      <Filter>ClassList\DialogueManager</Filter>
    </ClInclude>
    <ClInclude Include="ClassList\EnumList\EnumList.h">
      <Filter>ClassList\EnumList</Filter>
    </ClInclude>
    <ClInclude Include="ClassList\Observer\Observer.h">
      <Filter>ClassList\Observer</Filter>
    </ClInclude>
    <ClInclude Include="ClassList\ResourceManager\ResourceManager.h">
      <Filter>ClassList\ResourceManager</Filter>
    </ClInclude>
    <ClInclude Include="ClassList\StageClass\GameSceneManager\GameSceneManager.h">
      <Filter>ClassList\StageClass\GameSceneManager</Filter>
    </ClInclude>
    <ClInclude Include="ClassList\StageClass\Ground\Ground.h">
      <Filter>ClassList\StageClass\Ground</Filter>
    </ClInclude>
    <ClInclude Include="ClassList\StageClass\WaveProcess\WaveProcess.h">
      <Filter>ClassList\StageClass\WaveProcess</Filter>
    </ClInclude>
    <ClInclude Include="ClassList\StatusManager\StatusManager.h">
      <Filter>ClassList\StatusManager</Filter>
    </ClInclude>
    <ClInclude Include="ClassList\StatusManager\Score\Score.h">
      <Filter>ClassList\StatusManager\Score</Filter>
    </ClInclude>
    <ClInclude Include="ClassList\UI\Coin\CoinManager.h">
      <Filter>ClassList\UI\Coin</Filter>
    </ClInclude>
    <ClInclude Include="ClassList\UI\Coin\Coin.h">
      <Filter>ClassList\UI\Coin</Filter>
    </ClInclude>
    <ClInclude Include="ClassList\UI\RankJudgeManager\RankJudgeManager.h">
      <Filter>ClassList\UI\RankJudgeManager</Filter>
    </ClInclude>
    <ClInclude Include="ClassList\UI\UIManager\UIManager.h">
      <Filter>ClassList\UI\UIManager</Filter>
    </ClInclude>
    <ClInclude Include="DontDestroyOnLoad.h">
      <Filter>Scene</Filter>
    </ClInclude>
    <ClInclude Include="MainScene.h">
      <Filter>Scene</Filter>
    </ClInclude>
    <ClInclude Include="ResultScene.h">
      <Filter>Scene</Filter>
    </ClInclude>
    <ClInclude Include="Scene.h">
      <Filter>Scene</Filter>
    </ClInclude>
    <ClInclude Include="SceneFactory.h">
      <Filter>Scene</Filter>
    </ClInclude>
    <ClInclude Include="TitleScene.h">
      <Filter>Scene</Filter>
    </ClInclude>
    <ClInclude Include="Base\d3dx12.h">
      <Filter>Base</Filter>
    </ClInclude>
    <ClInclude Include="Base\dxtk.h">
      <Filter>Base</Filter>
    </ClInclude>
    <ClInclude Include="Base\DXTKHelpers.h">
      <Filter>Base</Filter>
    </ClInclude>
    <ClInclude Include="Base\GameBase.h">
      <Filter>Base</Filter>
    </ClInclude>
    <ClInclude Include="Base\pch.h">
      <Filter>Base</Filter>
    </ClInclude>
    <ClInclude Include="Base\StepTimer.h">
      <Filter>Base</Filter>
    </ClInclude>
    <ClInclude Include="ClassList\Base.h">
      <Filter>ClassList</Filter>
    </ClInclude>
    <ClInclude Include="ClassList\StatusManager\Combo\Combo.h">
      <Filter>ClassList\StatusManager\Combo</Filter>
    </ClInclude>
    <ClInclude Include="ClassList\UI\Audience\Audience.h">
      <Filter>ClassList\UI\Audience</Filter>
    </ClInclude>
    <ClInclude Include="ClassList\CharaClass\PlayerClass\PlayerAttack\PlayerAttack.h" />
    <ClInclude Include="..\..\..\hoge\DirectX12 Game Solution\DirectX12 MainProject\Base\DX12Effekseer.h">
      <Filter>ClassList\Effekseer</Filter>
    </ClInclude>
    <ClInclude Include="..\..\..\hoge\DirectX12 Game Solution\DirectX12 MainProject\Base\DX12Effekseer2D.h">
      <Filter>ClassList\Effekseer</Filter>
    </ClInclude>
  </ItemGroup>
  <ItemGroup>
    <None Include="packages.config" />
  </ItemGroup>
  <ItemGroup>
    <Filter Include="ClassList">
      <UniqueIdentifier>{6212c3c0-c1fb-4e9f-a0b4-edef73882022}</UniqueIdentifier>
    </Filter>
    <Filter Include="ClassList\3D">
      <UniqueIdentifier>{f38ad1ac-f699-4216-91e6-e4d9efd514ef}</UniqueIdentifier>
    </Filter>
    <Filter Include="ClassList\CharaClass">
      <UniqueIdentifier>{078b9b53-5cbe-4ec9-87cc-21bed5cf93ce}</UniqueIdentifier>
    </Filter>
    <Filter Include="ClassList\DialogueManager">
      <UniqueIdentifier>{bbeba4bd-76d3-474e-b08b-9aeb551574e2}</UniqueIdentifier>
    </Filter>
    <Filter Include="ClassList\EnumList">
      <UniqueIdentifier>{306b9420-963d-4a18-8ca2-91060a68aa1e}</UniqueIdentifier>
    </Filter>
    <Filter Include="ClassList\Observer">
      <UniqueIdentifier>{e5902eb9-c408-48c0-88ea-a5b20304deac}</UniqueIdentifier>
    </Filter>
    <Filter Include="ClassList\ResourceManager">
      <UniqueIdentifier>{bd218bef-e777-49a9-85ac-aeacf4947d3c}</UniqueIdentifier>
    </Filter>
    <Filter Include="ClassList\StageClass">
      <UniqueIdentifier>{0b09315d-b751-4af6-93a9-4c7c31bce90c}</UniqueIdentifier>
    </Filter>
    <Filter Include="ClassList\StatusManager">
      <UniqueIdentifier>{bf2857d1-3d6e-41ae-802f-3c1d561ce9d2}</UniqueIdentifier>
    </Filter>
    <Filter Include="ClassList\UI">
      <UniqueIdentifier>{c5f0a9d6-5cd2-4f79-87cd-585ee5e0eb71}</UniqueIdentifier>
    </Filter>
    <Filter Include="ClassList\3D\Camera">
      <UniqueIdentifier>{f148097b-86a7-4116-8d5e-475c9dababa3}</UniqueIdentifier>
    </Filter>
    <Filter Include="ClassList\3D\Shader">
      <UniqueIdentifier>{121b5d06-b558-4143-bfbd-a2a0648e491f}</UniqueIdentifier>
    </Filter>
    <Filter Include="ClassList\CharaClass\EnemyClass">
      <UniqueIdentifier>{38c7e976-1594-40f7-98a9-413272501ca0}</UniqueIdentifier>
    </Filter>
    <Filter Include="ClassList\CharaClass\PlayerClass">
      <UniqueIdentifier>{85ee17b3-049f-43a5-a4fc-043b1c2afb66}</UniqueIdentifier>
    </Filter>
    <Filter Include="ClassList\CharaClass\EnemyClass\EnemyBase">
      <UniqueIdentifier>{c0b69c88-2c65-4cab-96e8-9a38d844c62a}</UniqueIdentifier>
    </Filter>
    <Filter Include="ClassList\CharaClass\EnemyClass\EnemyFactory">
      <UniqueIdentifier>{1ac47894-cc9d-4f47-ac01-a11e5f83a5e4}</UniqueIdentifier>
    </Filter>
    <Filter Include="ClassList\CharaClass\EnemyClass\EnemyManager">
      <UniqueIdentifier>{294c5ecc-8ece-443c-8125-b65141a940df}</UniqueIdentifier>
    </Filter>
    <Filter Include="ClassList\CharaClass\EnemyClass\Individual">
      <UniqueIdentifier>{31f9bc01-d781-4950-878d-2979451c6447}</UniqueIdentifier>
    </Filter>
    <Filter Include="ClassList\CharaClass\EnemyClass\Individual\Arrow">
      <UniqueIdentifier>{87c30f49-db85-452a-93e4-2f5c34607cd1}</UniqueIdentifier>
    </Filter>
    <Filter Include="ClassList\CharaClass\EnemyClass\Individual\RandSwordMan">
      <UniqueIdentifier>{2b627286-31e4-439a-b152-40882397c59f}</UniqueIdentifier>
    </Filter>
    <Filter Include="ClassList\CharaClass\EnemyClass\Individual\Shielder">
      <UniqueIdentifier>{be012993-bc19-4d18-a7f5-55ccd5cb89b5}</UniqueIdentifier>
    </Filter>
    <Filter Include="ClassList\CharaClass\EnemyClass\Individual\SwordMan">
      <UniqueIdentifier>{52e78039-804c-4e44-878e-f890acb54657}</UniqueIdentifier>
    </Filter>
    <Filter Include="ClassList\CharaClass\PlayerClass\PlayerBase">
      <UniqueIdentifier>{1e765dfe-0353-4604-83c3-de6e621e844d}</UniqueIdentifier>
    </Filter>
    <Filter Include="ClassList\StageClass\GameSceneManager">
      <UniqueIdentifier>{44d7c457-78b5-4144-a61b-ceb1de27b9f8}</UniqueIdentifier>
    </Filter>
    <Filter Include="ClassList\StageClass\Ground">
      <UniqueIdentifier>{d9be40f7-0e6a-49b4-aaaa-742fc36924ec}</UniqueIdentifier>
    </Filter>
    <Filter Include="ClassList\StageClass\WaveProcess">
      <UniqueIdentifier>{f0a03a4c-5767-46f1-a458-7ccb15e90173}</UniqueIdentifier>
    </Filter>
    <Filter Include="ClassList\StatusManager\Score">
      <UniqueIdentifier>{b4e37677-da94-494a-b2ec-b2b53aeabc28}</UniqueIdentifier>
    </Filter>
    <Filter Include="ClassList\UI\Coin">
      <UniqueIdentifier>{5fe28610-8d20-4b81-8cf6-72db56a22349}</UniqueIdentifier>
    </Filter>
    <Filter Include="ClassList\UI\RankJudgeManager">
      <UniqueIdentifier>{60b48075-9033-40e1-afce-9d77e604697f}</UniqueIdentifier>
    </Filter>
    <Filter Include="ClassList\UI\UIManager">
      <UniqueIdentifier>{9e00adfb-d29d-44a3-8a94-7b92048d4986}</UniqueIdentifier>
    </Filter>
    <Filter Include="Scene">
      <UniqueIdentifier>{84eec9a7-4c18-4eac-8266-85f4d788afa8}</UniqueIdentifier>
    </Filter>
    <Filter Include="Base">
      <UniqueIdentifier>{e2bce7e6-94e2-49cb-ba37-190cb0c6b58a}</UniqueIdentifier>
    </Filter>
    <Filter Include="Resource">
      <UniqueIdentifier>{131900a2-6e05-4a2f-8d31-399b36fad157}</UniqueIdentifier>
    </Filter>
    <Filter Include="ClassList\StatusManager\Combo">
      <UniqueIdentifier>{66e82ed2-99a4-4226-9a71-a1023e45f815}</UniqueIdentifier>
    </Filter>
    <Filter Include="ClassList\UI\Audience">
      <UniqueIdentifier>{3992e185-50df-4a97-a8cf-d190730a58c2}</UniqueIdentifier>
    </Filter>
    <Filter Include="ClassList\Effekseer">
      <UniqueIdentifier>{3ff7fe4c-6d5d-47e1-b349-1907c7b49b80}</UniqueIdentifier>
    </Filter>
  </ItemGroup>
  <ItemGroup>
    <Image Include="Resource\directx.ico">
      <Filter>Resource</Filter>
    </Image>
  </ItemGroup>
  <ItemGroup>
    <ResourceCompile Include="Resource\resource.rc">
      <Filter>Resource</Filter>
    </ResourceCompile>
  </ItemGroup>
  <ItemGroup>
    <Manifest Include="Resource\settings.manifest">
      <Filter>Resource</Filter>
    </Manifest>
  </ItemGroup>
</Project>